
Microsoft Visual Studio Solution File, Format Version 12.00
# Visual Studio Version 17
VisualStudioVersion = 17.2.32519.379
MinimumVisualStudioVersion = 10.0.40219.1
Project("{FAE04EC0-301F-11D3-BF4B-00C04F79EFBC}") = "Редактирование текстового файла", "Редактирование текстового файла.csproj", "{E1BA13F2-EA31-448D-B955-46AC1A6E654F}"
EndProject
Global
	GlobalSection(SolutionConfigurationPlatforms) = preSolution
		Debug|Any CPU = Debug|Any CPU
		Release|Any CPU = Release|Any CPU
	EndGlobalSection
	GlobalSection(ProjectConfigurationPlatforms) = postSolution
		{E1BA13F2-EA31-448D-B955-46AC1A6E654F}.Debug|Any CPU.ActiveCfg = Debug|Any CPU
		{E1BA13F2-EA31-448D-B955-46AC1A6E654F}.Debug|Any CPU.Build.0 = Debug|Any CPU
		{E1BA13F2-EA31-448D-B955-46AC1A6E654F}.Release|Any CPU.ActiveCfg = Release|Any CPU
		{E1BA13F2-EA31-448D-B955-46AC1A6E654F}.Release|Any CPU.Build.0 = Release|Any CPU
	EndGlobalSection
	GlobalSection(SolutionProperties) = preSolution
		HideSolutionNode = FALSE
	EndGlobalSection
	GlobalSection(ExtensibilityGlobals) = postSolution
		SolutionGuid = {4FA7D3AB-79D5-43B1-B9BE-77DFECB5BDF9}
	EndGlobalSection
EndGlobal
